{
  "lockfileVersion": 1,
  "workspaces": {
    "": {
      "dependencies": {
        "dotenv": "^17.2.3",
        "nodemailer": "^7.0.9",
      },
    },
  },
  "packages": {
    "dotenv": ["dotenv@17.2.3", "", {}, "sha512-JVUnt+DUIzu87TABbhPmNfVdBDt18BLOWjMUFJMSi/Qqg7NTYtabbvSNJGOJ7afbRuv9D/lngizHtP7QyLQ+9w=="],

    "nodemailer": ["nodemailer@7.0.9", "", {}, "sha512-9/Qm0qXIByEP8lEV2qOqcAW7bRpL8CR9jcTwk3NBnHJNmP9fIJ86g2fgmIXqHY+nj55ZEMwWqYAT2QTDpRUYiQ=="],
  }
}
